
Microsoft Visual Studio Solution File, Format Version 12.00
# Visual Studio 15
VisualStudioVersion = 15.0.28307.1082
MinimumVisualStudioVersion = 10.0.40219.1
Project("{FAE04EC0-301F-11D3-BF4B-00C04F79EFBC}") = "AfterburnerMapCompiler", "AfterburnerMapCompiler\AfterburnerMapCompiler.csproj", "{1B7789F7-0DE0-4804-B142-D6B039F5727D}"
EndProject
Global
	GlobalSection(SolutionConfigurationPlatforms) = preSolution
		Debug|Any CPU = Debug|Any CPU
		Release|Any CPU = Release|Any CPU
	EndGlobalSection
	GlobalSection(ProjectConfigurationPlatforms) = postSolution
		{1B7789F7-0DE0-4804-B142-D6B039F5727D}.Debug|Any CPU.ActiveCfg = Debug|Any CPU
		{1B7789F7-0DE0-4804-B142-D6B039F5727D}.Debug|Any CPU.Build.0 = Debug|Any CPU
		{1B7789F7-0DE0-4804-B142-D6B039F5727D}.Release|Any CPU.ActiveCfg = Release|Any CPU
		{1B7789F7-0DE0-4804-B142-D6B039F5727D}.Release|Any CPU.Build.0 = Release|Any CPU
	EndGlobalSection
	GlobalSection(SolutionProperties) = preSolution
		HideSolutionNode = FALSE
	EndGlobalSection
	GlobalSection(ExtensibilityGlobals) = postSolution
		SolutionGuid = {F9B6E547-9DB9-428D-96D8-70476125171B}
	EndGlobalSection
EndGlobal
